
Microsoft Visual Studio Solution File, Format Version 12.00
# Visual Studio Version 17
VisualStudioVersion = 17.10.34928.147
MinimumVisualStudioVersion = 10.0.40219.1
Project("{9A19103F-16F7-4668-BE54-9A1E7A4F7556}") = "Client", "Client\Client.csproj", "{1DF3A3B5-59D1-497E-BB8E-1692BD8EBCD8}"
EndProject
Project("{9A19103F-16F7-4668-BE54-9A1E7A4F7556}") = "Client.Desktop", "Client.Desktop\Client.Desktop.csproj", "{83F87916-E0C6-42C4-A451-C756EE90ED97}"
EndProject
Global
	GlobalSection(SolutionConfigurationPlatforms) = preSolution
		Debug|Any CPU = Debug|Any CPU
		Release|Any CPU = Release|Any CPU
	EndGlobalSection
	GlobalSection(ProjectConfigurationPlatforms) = postSolution
		{1DF3A3B5-59D1-497E-BB8E-1692BD8EBCD8}.Debug|Any CPU.ActiveCfg = Debug|Any CPU
		{1DF3A3B5-59D1-497E-BB8E-1692BD8EBCD8}.Debug|Any CPU.Build.0 = Debug|Any CPU
		{1DF3A3B5-59D1-497E-BB8E-1692BD8EBCD8}.Release|Any CPU.ActiveCfg = Release|Any CPU
		{1DF3A3B5-59D1-497E-BB8E-1692BD8EBCD8}.Release|Any CPU.Build.0 = Release|Any CPU
		{83F87916-E0C6-42C4-A451-C756EE90ED97}.Debug|Any CPU.ActiveCfg = Debug|Any CPU
		{83F87916-E0C6-42C4-A451-C756EE90ED97}.Debug|Any CPU.Build.0 = Debug|Any CPU
		{83F87916-E0C6-42C4-A451-C756EE90ED97}.Release|Any CPU.ActiveCfg = Release|Any CPU
		{83F87916-E0C6-42C4-A451-C756EE90ED97}.Release|Any CPU.Build.0 = Release|Any CPU
	EndGlobalSection
	GlobalSection(SolutionProperties) = preSolution
		HideSolutionNode = FALSE
	EndGlobalSection
	GlobalSection(ExtensibilityGlobals) = postSolution
		SolutionGuid = {5B9FDF5B-3266-44B0-83F2-C8BFEC0E9A40}
	EndGlobalSection
EndGlobal
