
Microsoft Visual Studio Solution File, Format Version 12.00
# Visual Studio Version 17
VisualStudioVersion = 17.10.34928.147
MinimumVisualStudioVersion = 10.0.40219.1
Project("{FAE04EC0-301F-11D3-BF4B-00C04F79EFBC}") = "Server", "Server.csproj", "{0B473929-DCD5-4923-A93D-C14D9EB1149F}"
EndProject
Global
	GlobalSection(SolutionConfigurationPlatforms) = preSolution
		Debug|Any CPU = Debug|Any CPU
		Release|Any CPU = Release|Any CPU
	EndGlobalSection
	GlobalSection(ProjectConfigurationPlatforms) = postSolution
		{0B473929-DCD5-4923-A93D-C14D9EB1149F}.Debug|Any CPU.ActiveCfg = Debug|Any CPU
		{0B473929-DCD5-4923-A93D-C14D9EB1149F}.Debug|Any CPU.Build.0 = Debug|Any CPU
		{0B473929-DCD5-4923-A93D-C14D9EB1149F}.Release|Any CPU.ActiveCfg = Release|Any CPU
		{0B473929-DCD5-4923-A93D-C14D9EB1149F}.Release|Any CPU.Build.0 = Release|Any CPU
	EndGlobalSection
	GlobalSection(SolutionProperties) = preSolution
		HideSolutionNode = FALSE
	EndGlobalSection
	GlobalSection(ExtensibilityGlobals) = postSolution
		SolutionGuid = {A20CCA72-9620-4264-AAF7-6986BA8CF08B}
	EndGlobalSection
EndGlobal
